
Microsoft Visual Studio Solution File, Format Version 12.00
# Visual Studio Version 17
VisualStudioVersion = 17.11.35312.102
MinimumVisualStudioVersion = 10.0.40219.1
Project("{2150E333-8FDC-42A3-9474-1A3956D46DE8}") = "src", "src", "{54F087B0-9C9B-4E78-A259-AE2C8615F991}"
EndProject
Project("{2150E333-8FDC-42A3-9474-1A3956D46DE8}") = "Application", "Application", "{7CEECE61-AACB-4535-9D32-D3E7CE81D910}"
EndProject
Project("{2150E333-8FDC-42A3-9474-1A3956D46DE8}") = "Infrastructure", "Infrastructure", "{9DAC2DFA-7D3C-4909-9350-7F081F010D93}"
EndProject
Project("{2150E333-8FDC-42A3-9474-1A3956D46DE8}") = "Core", "Core", "{DC84E1F5-C47D-48DB-8EAE-0660EEB9F346}"
EndProject
Project("{2150E333-8FDC-42A3-9474-1A3956D46DE8}") = "Presentation", "Presentation", "{23014302-1816-47AF-95D8-3A798B950D8D}"
EndProject
Project("{FAE04EC0-301F-11D3-BF4B-00C04F79EFBC}") = "CQRS_Sample.Application", "src\Application\CQRS_Sample.Application\CQRS_Sample.Application.csproj", "{2A96A5C7-B20D-4C3D-9033-D63C00B1F61A}"
EndProject
Project("{FAE04EC0-301F-11D3-BF4B-00C04F79EFBC}") = "CQRS_Sample.Domain", "src\Core\CQRS_Sample.Domain\CQRS_Sample.Domain.csproj", "{F882ED08-7882-4860-9A3E-C1B67A108C2F}"
EndProject
Project("{FAE04EC0-301F-11D3-BF4B-00C04F79EFBC}") = "CQRS_Sample.Persistence.Command", "src\Infrastructure\CQRS_Sample.Persistence.Command\CQRS_Sample.Persistence.Command.csproj", "{0DC2352F-6A18-4829-977C-A8DAF18AE411}"
EndProject
Project("{FAE04EC0-301F-11D3-BF4B-00C04F79EFBC}") = "CQRS_Sample.Persistence.Query", "src\Infrastructure\CQRS_Sample.Persistence.Query\CQRS_Sample.Persistence.Query.csproj", "{DACC626E-EB38-4A09-843A-BF06E5F765FE}"
EndProject
Project("{FAE04EC0-301F-11D3-BF4B-00C04F79EFBC}") = "CQRS_Sample.API", "src\Presentation\CQRS_Sample.API\CQRS_Sample.API.csproj", "{6F38B738-D04A-4E02-BD1A-AF0D04F04DF4}"
EndProject
Project("{2150E333-8FDC-42A3-9474-1A3956D46DE8}") = "Shared", "Shared", "{DD521C59-CFA9-4E86-B73E-10B5BEEA4BDC}"
EndProject
Project("{FAE04EC0-301F-11D3-BF4B-00C04F79EFBC}") = "CQRS_Sample.Common", "src\Shared\CQRS_Sample.Common\CQRS_Sample.Common.csproj", "{EE132C1D-2802-48C5-8241-00C9E18FE16A}"
EndProject
Global
	GlobalSection(SolutionConfigurationPlatforms) = preSolution
		Debug|Any CPU = Debug|Any CPU
		Release|Any CPU = Release|Any CPU
	EndGlobalSection
	GlobalSection(ProjectConfigurationPlatforms) = postSolution
		{2A96A5C7-B20D-4C3D-9033-D63C00B1F61A}.Debug|Any CPU.ActiveCfg = Debug|Any CPU
		{2A96A5C7-B20D-4C3D-9033-D63C00B1F61A}.Debug|Any CPU.Build.0 = Debug|Any CPU
		{2A96A5C7-B20D-4C3D-9033-D63C00B1F61A}.Release|Any CPU.ActiveCfg = Release|Any CPU
		{2A96A5C7-B20D-4C3D-9033-D63C00B1F61A}.Release|Any CPU.Build.0 = Release|Any CPU
		{F882ED08-7882-4860-9A3E-C1B67A108C2F}.Debug|Any CPU.ActiveCfg = Debug|Any CPU
		{F882ED08-7882-4860-9A3E-C1B67A108C2F}.Debug|Any CPU.Build.0 = Debug|Any CPU
		{F882ED08-7882-4860-9A3E-C1B67A108C2F}.Release|Any CPU.ActiveCfg = Release|Any CPU
		{F882ED08-7882-4860-9A3E-C1B67A108C2F}.Release|Any CPU.Build.0 = Release|Any CPU
		{0DC2352F-6A18-4829-977C-A8DAF18AE411}.Debug|Any CPU.ActiveCfg = Debug|Any CPU
		{0DC2352F-6A18-4829-977C-A8DAF18AE411}.Debug|Any CPU.Build.0 = Debug|Any CPU
		{0DC2352F-6A18-4829-977C-A8DAF18AE411}.Release|Any CPU.ActiveCfg = Release|Any CPU
		{0DC2352F-6A18-4829-977C-A8DAF18AE411}.Release|Any CPU.Build.0 = Release|Any CPU
		{DACC626E-EB38-4A09-843A-BF06E5F765FE}.Debug|Any CPU.ActiveCfg = Debug|Any CPU
		{DACC626E-EB38-4A09-843A-BF06E5F765FE}.Debug|Any CPU.Build.0 = Debug|Any CPU
		{DACC626E-EB38-4A09-843A-BF06E5F765FE}.Release|Any CPU.ActiveCfg = Release|Any CPU
		{DACC626E-EB38-4A09-843A-BF06E5F765FE}.Release|Any CPU.Build.0 = Release|Any CPU
		{6F38B738-D04A-4E02-BD1A-AF0D04F04DF4}.Debug|Any CPU.ActiveCfg = Debug|Any CPU
		{6F38B738-D04A-4E02-BD1A-AF0D04F04DF4}.Debug|Any CPU.Build.0 = Debug|Any CPU
		{6F38B738-D04A-4E02-BD1A-AF0D04F04DF4}.Release|Any CPU.ActiveCfg = Release|Any CPU
		{6F38B738-D04A-4E02-BD1A-AF0D04F04DF4}.Release|Any CPU.Build.0 = Release|Any CPU
		{EE132C1D-2802-48C5-8241-00C9E18FE16A}.Debug|Any CPU.ActiveCfg = Debug|Any CPU
		{EE132C1D-2802-48C5-8241-00C9E18FE16A}.Debug|Any CPU.Build.0 = Debug|Any CPU
		{EE132C1D-2802-48C5-8241-00C9E18FE16A}.Release|Any CPU.ActiveCfg = Release|Any CPU
		{EE132C1D-2802-48C5-8241-00C9E18FE16A}.Release|Any CPU.Build.0 = Release|Any CPU
	EndGlobalSection
	GlobalSection(SolutionProperties) = preSolution
		HideSolutionNode = FALSE
	EndGlobalSection
	GlobalSection(NestedProjects) = preSolution
		{7CEECE61-AACB-4535-9D32-D3E7CE81D910} = {54F087B0-9C9B-4E78-A259-AE2C8615F991}
		{9DAC2DFA-7D3C-4909-9350-7F081F010D93} = {54F087B0-9C9B-4E78-A259-AE2C8615F991}
		{DC84E1F5-C47D-48DB-8EAE-0660EEB9F346} = {54F087B0-9C9B-4E78-A259-AE2C8615F991}
		{23014302-1816-47AF-95D8-3A798B950D8D} = {54F087B0-9C9B-4E78-A259-AE2C8615F991}
		{2A96A5C7-B20D-4C3D-9033-D63C00B1F61A} = {7CEECE61-AACB-4535-9D32-D3E7CE81D910}
		{F882ED08-7882-4860-9A3E-C1B67A108C2F} = {DC84E1F5-C47D-48DB-8EAE-0660EEB9F346}
		{0DC2352F-6A18-4829-977C-A8DAF18AE411} = {9DAC2DFA-7D3C-4909-9350-7F081F010D93}
		{DACC626E-EB38-4A09-843A-BF06E5F765FE} = {9DAC2DFA-7D3C-4909-9350-7F081F010D93}
		{6F38B738-D04A-4E02-BD1A-AF0D04F04DF4} = {23014302-1816-47AF-95D8-3A798B950D8D}
		{DD521C59-CFA9-4E86-B73E-10B5BEEA4BDC} = {54F087B0-9C9B-4E78-A259-AE2C8615F991}
		{EE132C1D-2802-48C5-8241-00C9E18FE16A} = {DD521C59-CFA9-4E86-B73E-10B5BEEA4BDC}
	EndGlobalSection
	GlobalSection(ExtensibilityGlobals) = postSolution
		SolutionGuid = {14DE5936-5436-499D-8E48-F637C9D39675}
	EndGlobalSection
EndGlobal
